// !$*UTF8*$!
{
	archiveVersion = 1;
	classes = {
	};
	objectVersion = 51;
	objects = {

/* Begin PBXBuildFile section */
		6676F22E22E1E22A00572446 /* notifiTblCellClass.swift in Sources */ = {isa = PBXBuildFile; fileRef = 6676F22D22E1E22A00572446 /* notifiTblCellClass.swift */; };
		667AA98222DCA35B00A84D89 /* MenuVCCell.swift in Sources */ = {isa = PBXBuildFile; fileRef = 667AA98122DCA35B00A84D89 /* MenuVCCell.swift */; };
		667AA98422DCA3B200A84D89 /* MenuVC.swift in Sources */ = {isa = PBXBuildFile; fileRef = 667AA98322DCA3B200A84D89 /* MenuVC.swift */; };
		667CA00522DDE9B900CBD486 /* BadgeVC.swift in Sources */ = {isa = PBXBuildFile; fileRef = 667CA00422DDE9B900CBD486 /* BadgeVC.swift */; };
		667CA00722DDE9DA00CBD486 /* BadgeVCCell.swift in Sources */ = {isa = PBXBuildFile; fileRef = 667CA00622DDE9DA00CBD486 /* BadgeVCCell.swift */; };
		667CA00922DDED2C00CBD486 /* ProfileVC.swift in Sources */ = {isa = PBXBuildFile; fileRef = 667CA00822DDED2C00CBD486 /* ProfileVC.swift */; };
		667CA00B22DDED4D00CBD486 /* EditprofileVC.swift in Sources */ = {isa = PBXBuildFile; fileRef = 667CA00A22DDED4D00CBD486 /* EditprofileVC.swift */; };
		667CA00D22DDFCB000CBD486 /* VideoSectionTblVC.swift in Sources */ = {isa = PBXBuildFile; fileRef = 667CA00C22DDFCB000CBD486 /* VideoSectionTblVC.swift */; };
		667CA00F22DDFCD900CBD486 /* VideoSectionTblVCCell.swift in Sources */ = {isa = PBXBuildFile; fileRef = 667CA00E22DDFCD900CBD486 /* VideoSectionTblVCCell.swift */; };
		667CA01122DE034200CBD486 /* FeedbackVC.swift in Sources */ = {isa = PBXBuildFile; fileRef = 667CA01022DE034200CBD486 /* FeedbackVC.swift */; };
		667EE0FB22DC48F000B7E149 /* AppDelegate.swift in Sources */ = {isa = PBXBuildFile; fileRef = 667EE0FA22DC48F000B7E149 /* AppDelegate.swift */; };
		667EE10022DC48F000B7E149 /* Main.storyboard in Resources */ = {isa = PBXBuildFile; fileRef = 667EE0FE22DC48F000B7E149 /* Main.storyboard */; };
		667EE10222DC48F200B7E149 /* Assets.xcassets in Resources */ = {isa = PBXBuildFile; fileRef = 667EE10122DC48F200B7E149 /* Assets.xcassets */; };
		667EE10522DC48F200B7E149 /* LaunchScreen.storyboard in Resources */ = {isa = PBXBuildFile; fileRef = 667EE10322DC48F200B7E149 /* LaunchScreen.storyboard */; };
		667EE11022DC48F200B7E149 /* TheDanceAppTests.swift in Sources */ = {isa = PBXBuildFile; fileRef = 667EE10F22DC48F200B7E149 /* TheDanceAppTests.swift */; };
		667EE11B22DC48F200B7E149 /* TheDanceAppUITests.swift in Sources */ = {isa = PBXBuildFile; fileRef = 667EE11A22DC48F200B7E149 /* TheDanceAppUITests.swift */; };
		667EE12C22DC598900B7E149 /* LogInVC.swift in Sources */ = {isa = PBXBuildFile; fileRef = 667EE12B22DC598900B7E149 /* LogInVC.swift */; };
		667EE12E22DC88CF00B7E149 /* SignUpVC.swift in Sources */ = {isa = PBXBuildFile; fileRef = 667EE12D22DC88CF00B7E149 /* SignUpVC.swift */; };
		667EE13022DC89DC00B7E149 /* UIViewExtentions.swift in Sources */ = {isa = PBXBuildFile; fileRef = 667EE12F22DC89DC00B7E149 /* UIViewExtentions.swift */; };
		667EE13222DC947000B7E149 /* HomeVC.swift in Sources */ = {isa = PBXBuildFile; fileRef = 667EE13122DC947000B7E149 /* HomeVC.swift */; };
		667EE13422DC949100B7E149 /* HomeVCCell.swift in Sources */ = {isa = PBXBuildFile; fileRef = 667EE13322DC949100B7E149 /* HomeVCCell.swift */; };
		667FAB6622DD883100A02354 /* NotificationVC.swift in Sources */ = {isa = PBXBuildFile; fileRef = 667FAB6522DD883100A02354 /* NotificationVC.swift */; };
		667FAB6822DD885D00A02354 /* NotificationVcCell.swift in Sources */ = {isa = PBXBuildFile; fileRef = 667FAB6722DD885D00A02354 /* NotificationVcCell.swift */; };
		6698C22322DF3D9800E4AB1B /* BillieJean(main)VC.swift in Sources */ = {isa = PBXBuildFile; fileRef = 6698C22222DF3D9800E4AB1B /* BillieJean(main)VC.swift */; };
		6698C22522DF417D00E4AB1B /* TblViewCellVC.swift in Sources */ = {isa = PBXBuildFile; fileRef = 6698C22422DF417D00E4AB1B /* TblViewCellVC.swift */; };
		669D477222EF2210002E7291 /* 360Video.mp4 in Resources */ = {isa = PBXBuildFile; fileRef = 669D477122EF2210002E7291 /* 360Video.mp4 */; };
		66A9D33922E585F200DE869C /* CommonFunction.swift in Sources */ = {isa = PBXBuildFile; fileRef = 66A9D33822E585F200DE869C /* CommonFunction.swift */; };
		66BE3E3422E58E72009E542F /* Alerts.swift in Sources */ = {isa = PBXBuildFile; fileRef = 66BE3E3322E58E72009E542F /* Alerts.swift */; };
		66DC36A222E598D800C0BFDF /* GuidedTourVC.swift in Sources */ = {isa = PBXBuildFile; fileRef = 66DC36A122E598D800C0BFDF /* GuidedTourVC.swift */; };
		66E342E422E71EAB00E326BC /* credentials.plist in Resources */ = {isa = PBXBuildFile; fileRef = 66E342E322E71EAB00E326BC /* credentials.plist */; };
		C50563D2B271C4186FFC593B /* Pods_TheDanceApp.framework in Frameworks */ = {isa = PBXBuildFile; fileRef = EC1A44F35C60079D3A039884 /* Pods_TheDanceApp.framework */; };
		D8A9D7E58F749AC6C02858F7 /* Pods_TheDanceAppTests.framework in Frameworks */ = {isa = PBXBuildFile; fileRef = 3463B4C2C510289EC975A8E3 /* Pods_TheDanceAppTests.framework */; };
		FE21B283D2284D9CB67AEAAC /* Pods_TheDanceAppUITests.framework in Frameworks */ = {isa = PBXBuildFile; fileRef = BEB575FBB1A16A895C6D0631 /* Pods_TheDanceAppUITests.framework */; };
/* End PBXBuildFile section */

/* Begin PBXContainerItemProxy section */
		667EE10C22DC48F200B7E149 /* PBXContainerItemProxy */ = {
			isa = PBXContainerItemProxy;
			containerPortal = 667EE0EF22DC48F000B7E149 /* Project object */;
			proxyType = 1;
			remoteGlobalIDString = 667EE0F622DC48F000B7E149;
			remoteInfo = TheDanceApp;
		};
		667EE11722DC48F200B7E149 /* PBXContainerItemProxy */ = {
			isa = PBXContainerItemProxy;
			containerPortal = 667EE0EF22DC48F000B7E149 /* Project object */;
			proxyType = 1;
			remoteGlobalIDString = 667EE0F622DC48F000B7E149;
			remoteInfo = TheDanceApp;
		};
/* End PBXContainerItemProxy section */

/* Begin PBXFileReference section */
		09EBB90B0A909AFADFB0C6DE /* Pods-TheDanceAppUITests.release.xcconfig */ = {isa = PBXFileReference; includeInIndex = 1; lastKnownFileType = text.xcconfig; name = "Pods-TheDanceAppUITests.release.xcconfig"; path = "Target Support Files/Pods-TheDanceAppUITests/Pods-TheDanceAppUITests.release.xcconfig"; sourceTree = "<group>"; };
		3463B4C2C510289EC975A8E3 /* Pods_TheDanceAppTests.framework */ = {isa = PBXFileReference; explicitFileType = wrapper.framework; includeInIndex = 0; path = Pods_TheDanceAppTests.framework; sourceTree = BUILT_PRODUCTS_DIR; };
		608610595DAAB2A966AF61E6 /* Pods-TheDanceApp.debug.xcconfig */ = {isa = PBXFileReference; includeInIndex = 1; lastKnownFileType = text.xcconfig; name = "Pods-TheDanceApp.debug.xcconfig"; path = "Target Support Files/Pods-TheDanceApp/Pods-TheDanceApp.debug.xcconfig"; sourceTree = "<group>"; };
		6676F22D22E1E22A00572446 /* notifiTblCellClass.swift */ = {isa = PBXFileReference; lastKnownFileType = sourcecode.swift; path = notifiTblCellClass.swift; sourceTree = "<group>"; };
		667AA98122DCA35B00A84D89 /* MenuVCCell.swift */ = {isa = PBXFileReference; lastKnownFileType = sourcecode.swift; path = MenuVCCell.swift; sourceTree = "<group>"; };
		667AA98322DCA3B200A84D89 /* MenuVC.swift */ = {isa = PBXFileReference; lastKnownFileType = sourcecode.swift; path = MenuVC.swift; sourceTree = "<group>"; };
		667CA00422DDE9B900CBD486 /* BadgeVC.swift */ = {isa = PBXFileReference; lastKnownFileType = sourcecode.swift; path = BadgeVC.swift; sourceTree = "<group>"; };
		667CA00622DDE9DA00CBD486 /* BadgeVCCell.swift */ = {isa = PBXFileReference; lastKnownFileType = sourcecode.swift; path = BadgeVCCell.swift; sourceTree = "<group>"; };
		667CA00822DDED2C00CBD486 /* ProfileVC.swift */ = {isa = PBXFileReference; lastKnownFileType = sourcecode.swift; path = ProfileVC.swift; sourceTree = "<group>"; };
		667CA00A22DDED4D00CBD486 /* EditprofileVC.swift */ = {isa = PBXFileReference; lastKnownFileType = sourcecode.swift; path = EditprofileVC.swift; sourceTree = "<group>"; };
		667CA00C22DDFCB000CBD486 /* VideoSectionTblVC.swift */ = {isa = PBXFileReference; lastKnownFileType = sourcecode.swift; path = VideoSectionTblVC.swift; sourceTree = "<group>"; };
		667CA00E22DDFCD900CBD486 /* VideoSectionTblVCCell.swift */ = {isa = PBXFileReference; lastKnownFileType = sourcecode.swift; path = VideoSectionTblVCCell.swift; sourceTree = "<group>"; };
		667CA01022DE034200CBD486 /* FeedbackVC.swift */ = {isa = PBXFileReference; lastKnownFileType = sourcecode.swift; path = FeedbackVC.swift; sourceTree = "<group>"; };
		667EE0F722DC48F000B7E149 /* TheDanceApp.app */ = {isa = PBXFileReference; explicitFileType = wrapper.application; includeInIndex = 0; path = TheDanceApp.app; sourceTree = BUILT_PRODUCTS_DIR; };
		667EE0FA22DC48F000B7E149 /* AppDelegate.swift */ = {isa = PBXFileReference; lastKnownFileType = sourcecode.swift; path = AppDelegate.swift; sourceTree = "<group>"; };
		667EE0FF22DC48F000B7E149 /* Base */ = {isa = PBXFileReference; lastKnownFileType = file.storyboard; name = Base; path = Base.lproj/Main.storyboard; sourceTree = "<group>"; };
		667EE10122DC48F200B7E149 /* Assets.xcassets */ = {isa = PBXFileReference; lastKnownFileType = folder.assetcatalog; path = Assets.xcassets; sourceTree = "<group>"; };
		667EE10422DC48F200B7E149 /* Base */ = {isa = PBXFileReference; lastKnownFileType = file.storyboard; name = Base; path = Base.lproj/LaunchScreen.storyboard; sourceTree = "<group>"; };
		667EE10622DC48F200B7E149 /* Info.plist */ = {isa = PBXFileReference; lastKnownFileType = text.plist.xml; path = Info.plist; sourceTree = "<group>"; };
		667EE10B22DC48F200B7E149 /* TheDanceAppTests.xctest */ = {isa = PBXFileReference; explicitFileType = wrapper.cfbundle; includeInIndex = 0; path = TheDanceAppTests.xctest; sourceTree = BUILT_PRODUCTS_DIR; };
		667EE10F22DC48F200B7E149 /* TheDanceAppTests.swift */ = {isa = PBXFileReference; lastKnownFileType = sourcecode.swift; path = TheDanceAppTests.swift; sourceTree = "<group>"; };
		667EE11122DC48F200B7E149 /* Info.plist */ = {isa = PBXFileReference; lastKnownFileType = text.plist.xml; path = Info.plist; sourceTree = "<group>"; };
		667EE11622DC48F200B7E149 /* TheDanceAppUITests.xctest */ = {isa = PBXFileReference; explicitFileType = wrapper.cfbundle; includeInIndex = 0; path = TheDanceAppUITests.xctest; sourceTree = BUILT_PRODUCTS_DIR; };
		667EE11A22DC48F200B7E149 /* TheDanceAppUITests.swift */ = {isa = PBXFileReference; lastKnownFileType = sourcecode.swift; path = TheDanceAppUITests.swift; sourceTree = "<group>"; };
		667EE11C22DC48F200B7E149 /* Info.plist */ = {isa = PBXFileReference; lastKnownFileType = text.plist.xml; path = Info.plist; sourceTree = "<group>"; };
		667EE12B22DC598900B7E149 /* LogInVC.swift */ = {isa = PBXFileReference; lastKnownFileType = sourcecode.swift; path = LogInVC.swift; sourceTree = "<group>"; };
		667EE12D22DC88CF00B7E149 /* SignUpVC.swift */ = {isa = PBXFileReference; lastKnownFileType = sourcecode.swift; path = SignUpVC.swift; sourceTree = "<group>"; };
		667EE12F22DC89DC00B7E149 /* UIViewExtentions.swift */ = {isa = PBXFileReference; fileEncoding = 4; lastKnownFileType = sourcecode.swift; path = UIViewExtentions.swift; sourceTree = "<group>"; };
		667EE13122DC947000B7E149 /* HomeVC.swift */ = {isa = PBXFileReference; lastKnownFileType = sourcecode.swift; path = HomeVC.swift; sourceTree = "<group>"; };
		667EE13322DC949100B7E149 /* HomeVCCell.swift */ = {isa = PBXFileReference; lastKnownFileType = sourcecode.swift; path = HomeVCCell.swift; sourceTree = "<group>"; };
		667FAB6522DD883100A02354 /* NotificationVC.swift */ = {isa = PBXFileReference; lastKnownFileType = sourcecode.swift; path = NotificationVC.swift; sourceTree = "<group>"; };
		667FAB6722DD885D00A02354 /* NotificationVcCell.swift */ = {isa = PBXFileReference; lastKnownFileType = sourcecode.swift; path = NotificationVcCell.swift; sourceTree = "<group>"; };
		6698C22222DF3D9800E4AB1B /* BillieJean(main)VC.swift */ = {isa = PBXFileReference; lastKnownFileType = sourcecode.swift; path = "BillieJean(main)VC.swift"; sourceTree = "<group>"; };
		6698C22422DF417D00E4AB1B /* TblViewCellVC.swift */ = {isa = PBXFileReference; lastKnownFileType = sourcecode.swift; path = TblViewCellVC.swift; sourceTree = "<group>"; };
		669D477122EF2210002E7291 /* 360Video.mp4 */ = {isa = PBXFileReference; lastKnownFileType = file; path = 360Video.mp4; sourceTree = "<group>"; };
		66A9D33822E585F200DE869C /* CommonFunction.swift */ = {isa = PBXFileReference; fileEncoding = 4; lastKnownFileType = sourcecode.swift; path = CommonFunction.swift; sourceTree = "<group>"; };
		66BE3E3322E58E72009E542F /* Alerts.swift */ = {isa = PBXFileReference; lastKnownFileType = sourcecode.swift; path = Alerts.swift; sourceTree = "<group>"; };
		66DC36A122E598D800C0BFDF /* GuidedTourVC.swift */ = {isa = PBXFileReference; lastKnownFileType = sourcecode.swift; path = GuidedTourVC.swift; sourceTree = "<group>"; };
		66E342E322E71EAB00E326BC /* credentials.plist */ = {isa = PBXFileReference; fileEncoding = 4; lastKnownFileType = text.plist.xml; path = credentials.plist; sourceTree = "<group>"; };
		963EF2A8C0FA050AAA8597C6 /* Pods-TheDanceAppUITests.debug.xcconfig */ = {isa = PBXFileReference; includeInIndex = 1; lastKnownFileType = text.xcconfig; name = "Pods-TheDanceAppUITests.debug.xcconfig"; path = "Target Support Files/Pods-TheDanceAppUITests/Pods-TheDanceAppUITests.debug.xcconfig"; sourceTree = "<group>"; };
		B0BBCC594D94924AFC53C574 /* Pods-TheDanceAppTests.debug.xcconfig */ = {isa = PBXFileReference; includeInIndex = 1; lastKnownFileType = text.xcconfig; name = "Pods-TheDanceAppTests.debug.xcconfig"; path = "Target Support Files/Pods-TheDanceAppTests/Pods-TheDanceAppTests.debug.xcconfig"; sourceTree = "<group>"; };
		BEB575FBB1A16A895C6D0631 /* Pods_TheDanceAppUITests.framework */ = {isa = PBXFileReference; explicitFileType = wrapper.framework; includeInIndex = 0; path = Pods_TheDanceAppUITests.framework; sourceTree = BUILT_PRODUCTS_DIR; };
		D5A6AA6ADE3E6E9E35DA2588 /* Pods-TheDanceApp.release.xcconfig */ = {isa = PBXFileReference; includeInIndex = 1; lastKnownFileType = text.xcconfig; name = "Pods-TheDanceApp.release.xcconfig"; path = "Target Support Files/Pods-TheDanceApp/Pods-TheDanceApp.release.xcconfig"; sourceTree = "<group>"; };
		EB97A53A7674192319155B11 /* Pods-TheDanceAppTests.release.xcconfig */ = {isa = PBXFileReference; includeInIndex = 1; lastKnownFileType = text.xcconfig; name = "Pods-TheDanceAppTests.release.xcconfig"; path = "Target Support Files/Pods-TheDanceAppTests/Pods-TheDanceAppTests.release.xcconfig"; sourceTree = "<group>"; };
		EC1A44F35C60079D3A039884 /* Pods_TheDanceApp.framework */ = {isa = PBXFileReference; explicitFileType = wrapper.framework; includeInIndex = 0; path = Pods_TheDanceApp.framework; sourceTree = BUILT_PRODUCTS_DIR; };
/* End PBXFileReference section */

/* Begin PBXFrameworksBuildPhase section */
		667EE0F422DC48F000B7E149 /* Frameworks */ = {
			isa = PBXFrameworksBuildPhase;
			buildActionMask = 2147483647;
			files = (
				C50563D2B271C4186FFC593B /* Pods_TheDanceApp.framework in Frameworks */,
			);
			runOnlyForDeploymentPostprocessing = 0;
		};
		667EE10822DC48F200B7E149 /* Frameworks */ = {
			isa = PBXFrameworksBuildPhase;
			buildActionMask = 2147483647;
			files = (
				D8A9D7E58F749AC6C02858F7 /* Pods_TheDanceAppTests.framework in Frameworks */,
			);
			runOnlyForDeploymentPostprocessing = 0;
		};
		667EE11322DC48F200B7E149 /* Frameworks */ = {
			isa = PBXFrameworksBuildPhase;
			buildActionMask = 2147483647;
			files = (
				FE21B283D2284D9CB67AEAAC /* Pods_TheDanceAppUITests.framework in Frameworks */,
			);
			runOnlyForDeploymentPostprocessing = 0;
		};
/* End PBXFrameworksBuildPhase section */

/* Begin PBXGroup section */
		4DA79972CE83D8AC88E6647C /* Pods */ = {
			isa = PBXGroup;
			children = (
				608610595DAAB2A966AF61E6 /* Pods-TheDanceApp.debug.xcconfig */,
				D5A6AA6ADE3E6E9E35DA2588 /* Pods-TheDanceApp.release.xcconfig */,
				B0BBCC594D94924AFC53C574 /* Pods-TheDanceAppTests.debug.xcconfig */,
				EB97A53A7674192319155B11 /* Pods-TheDanceAppTests.release.xcconfig */,
				963EF2A8C0FA050AAA8597C6 /* Pods-TheDanceAppUITests.debug.xcconfig */,
				09EBB90B0A909AFADFB0C6DE /* Pods-TheDanceAppUITests.release.xcconfig */,
			);
			path = Pods;
			sourceTree = "<group>";
		};
		667EE0EE22DC48F000B7E149 = {
			isa = PBXGroup;
			children = (
				667EE0F922DC48F000B7E149 /* TheDanceApp */,
				667EE10E22DC48F200B7E149 /* TheDanceAppTests */,
				667EE11922DC48F200B7E149 /* TheDanceAppUITests */,
				667EE0F822DC48F000B7E149 /* Products */,
				4DA79972CE83D8AC88E6647C /* Pods */,
				F1913B4F0157BAB594C7EF82 /* Frameworks */,
			);
			sourceTree = "<group>";
		};
		667EE0F822DC48F000B7E149 /* Products */ = {
			isa = PBXGroup;
			children = (
				667EE0F722DC48F000B7E149 /* TheDanceApp.app */,
				667EE10B22DC48F200B7E149 /* TheDanceAppTests.xctest */,
				667EE11622DC48F200B7E149 /* TheDanceAppUITests.xctest */,
			);
			name = Products;
			sourceTree = "<group>";
		};
		667EE0F922DC48F000B7E149 /* TheDanceApp */ = {
			isa = PBXGroup;
			children = (
				669D477122EF2210002E7291 /* 360Video.mp4 */,
				66E342E322E71EAB00E326BC /* credentials.plist */,
				667EE12F22DC89DC00B7E149 /* UIViewExtentions.swift */,
				667EE12A22DC595100B7E149 /* Views */,
				667EE12922DC594500B7E149 /* Controller */,
				667EE12822DC590800B7E149 /* Models */,
				667EE10622DC48F200B7E149 /* Info.plist */,
			);
			path = TheDanceApp;
			sourceTree = "<group>";
		};
		667EE10E22DC48F200B7E149 /* TheDanceAppTests */ = {
			isa = PBXGroup;
			children = (
				667EE10F22DC48F200B7E149 /* TheDanceAppTests.swift */,
				667EE11122DC48F200B7E149 /* Info.plist */,
			);
			path = TheDanceAppTests;
			sourceTree = "<group>";
		};
		667EE11922DC48F200B7E149 /* TheDanceAppUITests */ = {
			isa = PBXGroup;
			children = (
				667EE11A22DC48F200B7E149 /* TheDanceAppUITests.swift */,
				667EE11C22DC48F200B7E149 /* Info.plist */,
			);
			path = TheDanceAppUITests;
			sourceTree = "<group>";
		};
		667EE12822DC590800B7E149 /* Models */ = {
			isa = PBXGroup;
			children = (
				667EE0FA22DC48F000B7E149 /* AppDelegate.swift */,
				66BE3E3322E58E72009E542F /* Alerts.swift */,
				66A9D33822E585F200DE869C /* CommonFunction.swift */,
			);
			path = Models;
			sourceTree = "<group>";
		};
		667EE12922DC594500B7E149 /* Controller */ = {
			isa = PBXGroup;
			children = (
				667EE12B22DC598900B7E149 /* LogInVC.swift */,
				667FAB6522DD883100A02354 /* NotificationVC.swift */,
				667CA00422DDE9B900CBD486 /* BadgeVC.swift */,
				667CA00A22DDED4D00CBD486 /* EditprofileVC.swift */,
				66DC36A122E598D800C0BFDF /* GuidedTourVC.swift */,
				6698C22222DF3D9800E4AB1B /* BillieJean(main)VC.swift */,
				667CA01022DE034200CBD486 /* FeedbackVC.swift */,
				667CA00C22DDFCB000CBD486 /* VideoSectionTblVC.swift */,
				667CA00822DDED2C00CBD486 /* ProfileVC.swift */,
				667EE12D22DC88CF00B7E149 /* SignUpVC.swift */,
				667AA98322DCA3B200A84D89 /* MenuVC.swift */,
				667EE13122DC947000B7E149 /* HomeVC.swift */,
			);
			path = Controller;
			sourceTree = "<group>";
		};
		667EE12A22DC595100B7E149 /* Views */ = {
			isa = PBXGroup;
			children = (
				667EE10322DC48F200B7E149 /* LaunchScreen.storyboard */,
				667EE13322DC949100B7E149 /* HomeVCCell.swift */,
				667FAB6722DD885D00A02354 /* NotificationVcCell.swift */,
				667CA00622DDE9DA00CBD486 /* BadgeVCCell.swift */,
				6698C22422DF417D00E4AB1B /* TblViewCellVC.swift */,
				6676F22D22E1E22A00572446 /* notifiTblCellClass.swift */,
				667CA00E22DDFCD900CBD486 /* VideoSectionTblVCCell.swift */,
				667AA98122DCA35B00A84D89 /* MenuVCCell.swift */,
				667EE0FE22DC48F000B7E149 /* Main.storyboard */,
				667EE10122DC48F200B7E149 /* Assets.xcassets */,
			);
			path = Views;
			sourceTree = "<group>";
		};
		F1913B4F0157BAB594C7EF82 /* Frameworks */ = {
			isa = PBXGroup;
			children = (
				EC1A44F35C60079D3A039884 /* Pods_TheDanceApp.framework */,
				3463B4C2C510289EC975A8E3 /* Pods_TheDanceAppTests.framework */,
				BEB575FBB1A16A895C6D0631 /* Pods_TheDanceAppUITests.framework */,
			);
			name = Frameworks;
			sourceTree = "<group>";
		};
/* End PBXGroup section */

/* Begin PBXNativeTarget section */
		667EE0F622DC48F000B7E149 /* TheDanceApp */ = {
			isa = PBXNativeTarget;
			buildConfigurationList = 667EE11F22DC48F200B7E149 /* Build configuration list for PBXNativeTarget "TheDanceApp" */;
			buildPhases = (
				BAD724F0785CE2D073621F16 /* [CP] Check Pods Manifest.lock */,
				667EE0F322DC48F000B7E149 /* Sources */,
				667EE0F422DC48F000B7E149 /* Frameworks */,
				667EE0F522DC48F000B7E149 /* Resources */,
				E5C674E8BAF5028AF8C1D677 /* [CP] Embed Pods Frameworks */,
				C666B389C0A6F494F68E7057 /* [CP] Copy Pods Resources */,
			);
			buildRules = (
			);
			dependencies = (
			);
			name = TheDanceApp;
			productName = TheDanceApp;
			productReference = 667EE0F722DC48F000B7E149 /* TheDanceApp.app */;
			productType = "com.apple.product-type.application";
		};
		667EE10A22DC48F200B7E149 /* TheDanceAppTests */ = {
			isa = PBXNativeTarget;
			buildConfigurationList = 667EE12222DC48F200B7E149 /* Build configuration list for PBXNativeTarget "TheDanceAppTests" */;
			buildPhases = (
				017491AC1D3052BA051B8D77 /* [CP] Check Pods Manifest.lock */,
				667EE10722DC48F200B7E149 /* Sources */,
				667EE10822DC48F200B7E149 /* Frameworks */,
				667EE10922DC48F200B7E149 /* Resources */,
			);
			buildRules = (
			);
			dependencies = (
				667EE10D22DC48F200B7E149 /* PBXTargetDependency */,
			);
			name = TheDanceAppTests;
			productName = TheDanceAppTests;
			productReference = 667EE10B22DC48F200B7E149 /* TheDanceAppTests.xctest */;
			productType = "com.apple.product-type.bundle.unit-test";
		};
		667EE11522DC48F200B7E149 /* TheDanceAppUITests */ = {
			isa = PBXNativeTarget;
			buildConfigurationList = 667EE12522DC48F200B7E149 /* Build configuration list for PBXNativeTarget "TheDanceAppUITests" */;
			buildPhases = (
				682E87ADCC6ED0045BA31659 /* [CP] Check Pods Manifest.lock */,
				667EE11222DC48F200B7E149 /* Sources */,
				667EE11322DC48F200B7E149 /* Frameworks */,
				667EE11422DC48F200B7E149 /* Resources */,
			);
			buildRules = (
			);
			dependencies = (
				667EE11822DC48F200B7E149 /* PBXTargetDependency */,
			);
			name = TheDanceAppUITests;
			productName = TheDanceAppUITests;
			productReference = 667EE11622DC48F200B7E149 /* TheDanceAppUITests.xctest */;
			productType = "com.apple.product-type.bundle.ui-testing";
		};
/* End PBXNativeTarget section */

/* Begin PBXProject section */
		667EE0EF22DC48F000B7E149 /* Project object */ = {
			isa = PBXProject;
			attributes = {
				LastSwiftUpdateCheck = 1010;
				LastUpgradeCheck = 1010;
				ORGANIZATIONNAME = "Coding Pursuits";
				TargetAttributes = {
					667EE0F622DC48F000B7E149 = {
						CreatedOnToolsVersion = 10.1;
					};
					667EE10A22DC48F200B7E149 = {
						CreatedOnToolsVersion = 10.1;
						TestTargetID = 667EE0F622DC48F000B7E149;
					};
					667EE11522DC48F200B7E149 = {
						CreatedOnToolsVersion = 10.1;
						TestTargetID = 667EE0F622DC48F000B7E149;
					};
				};
			};
			buildConfigurationList = 667EE0F222DC48F000B7E149 /* Build configuration list for PBXProject "TheDanceApp" */;
			compatibilityVersion = "Xcode 9.3";
			developmentRegion = en;
			hasScannedForEncodings = 0;
			knownRegions = (
				en,
				Base,
			);
			mainGroup = 667EE0EE22DC48F000B7E149;
			productRefGroup = 667EE0F822DC48F000B7E149 /* Products */;
			projectDirPath = "";
			projectRoot = "";
			targets = (
				667EE0F622DC48F000B7E149 /* TheDanceApp */,
				667EE10A22DC48F200B7E149 /* TheDanceAppTests */,
				667EE11522DC48F200B7E149 /* TheDanceAppUITests */,
			);
		};
/* End PBXProject section */

/* Begin PBXResourcesBuildPhase section */
		667EE0F522DC48F000B7E149 /* Resources */ = {
			isa = PBXResourcesBuildPhase;
			buildActionMask = 2147483647;
			files = (
				667EE10522DC48F200B7E149 /* LaunchScreen.storyboard in Resources */,
				66E342E422E71EAB00E326BC /* credentials.plist in Resources */,
				667EE10222DC48F200B7E149 /* Assets.xcassets in Resources */,
				669D477222EF2210002E7291 /* 360Video.mp4 in Resources */,
				667EE10022DC48F000B7E149 /* Main.storyboard in Resources */,
			);
			runOnlyForDeploymentPostprocessing = 0;
		};
		667EE10922DC48F200B7E149 /* Resources */ = {
			isa = PBXResourcesBuildPhase;
			buildActionMask = 2147483647;
			files = (
			);
			runOnlyForDeploymentPostprocessing = 0;
		};
		667EE11422DC48F200B7E149 /* Resources */ = {
			isa = PBXResourcesBuildPhase;
			buildActionMask = 2147483647;
			files = (
			);
			runOnlyForDeploymentPostprocessing = 0;
		};
/* End PBXResourcesBuildPhase section */

/* Begin PBXShellScriptBuildPhase section */
		017491AC1D3052BA051B8D77 /* [CP] Check Pods Manifest.lock */ = {
			isa = PBXShellScriptBuildPhase;
			buildActionMask = 2147483647;
			files = (
			);
			inputFileListPaths = (
			);
			inputPaths = (
				"${PODS_PODFILE_DIR_PATH}/Podfile.lock",
				"${PODS_ROOT}/Manifest.lock",
			);
			name = "[CP] Check Pods Manifest.lock";
			outputFileListPaths = (
			);
			outputPaths = (
				"$(DERIVED_FILE_DIR)/Pods-TheDanceAppTests-checkManifestLockResult.txt",
			);
			runOnlyForDeploymentPostprocessing = 0;
			shellPath = /bin/sh;
			shellScript = "diff \"${PODS_PODFILE_DIR_PATH}/Podfile.lock\" \"${PODS_ROOT}/Manifest.lock\" > /dev/null\nif [ $? != 0 ] ; then\n    # print error to STDERR\n    echo \"error: The sandbox is not in sync with the Podfile.lock. Run 'pod install' or update your CocoaPods installation.\" >&2\n    exit 1\nfi\n# This output is used by Xcode 'outputs' to avoid re-running this script phase.\necho \"SUCCESS\" > \"${SCRIPT_OUTPUT_FILE_0}\"\n";
			showEnvVarsInLog = 0;
		};
		682E87ADCC6ED0045BA31659 /* [CP] Check Pods Manifest.lock */ = {
			isa = PBXShellScriptBuildPhase;
			buildActionMask = 2147483647;
			files = (
			);
			inputFileListPaths = (
			);
			inputPaths = (
				"${PODS_PODFILE_DIR_PATH}/Podfile.lock",
				"${PODS_ROOT}/Manifest.lock",
			);
			name = "[CP] Check Pods Manifest.lock";
			outputFileListPaths = (
			);
			outputPaths = (
				"$(DERIVED_FILE_DIR)/Pods-TheDanceAppUITests-checkManifestLockResult.txt",
			);
			runOnlyForDeploymentPostprocessing = 0;
			shellPath = /bin/sh;
			shellScript = "diff \"${PODS_PODFILE_DIR_PATH}/Podfile.lock\" \"${PODS_ROOT}/Manifest.lock\" > /dev/null\nif [ $? != 0 ] ; then\n    # print error to STDERR\n    echo \"error: The sandbox is not in sync with the Podfile.lock. Run 'pod install' or update your CocoaPods installation.\" >&2\n    exit 1\nfi\n# This output is used by Xcode 'outputs' to avoid re-running this script phase.\necho \"SUCCESS\" > \"${SCRIPT_OUTPUT_FILE_0}\"\n";
			showEnvVarsInLog = 0;
		};
		BAD724F0785CE2D073621F16 /* [CP] Check Pods Manifest.lock */ = {
			isa = PBXShellScriptBuildPhase;
			buildActionMask = 2147483647;
			files = (
			);
			inputFileListPaths = (
			);
			inputPaths = (
				"${PODS_PODFILE_DIR_PATH}/Podfile.lock",
				"${PODS_ROOT}/Manifest.lock",
			);
			name = "[CP] Check Pods Manifest.lock";
			outputFileListPaths = (
			);
			outputPaths = (
				"$(DERIVED_FILE_DIR)/Pods-TheDanceApp-checkManifestLockResult.txt",
			);
			runOnlyForDeploymentPostprocessing = 0;
			shellPath = /bin/sh;
			shellScript = "diff \"${PODS_PODFILE_DIR_PATH}/Podfile.lock\" \"${PODS_ROOT}/Manifest.lock\" > /dev/null\nif [ $? != 0 ] ; then\n    # print error to STDERR\n    echo \"error: The sandbox is not in sync with the Podfile.lock. Run 'pod install' or update your CocoaPods installation.\" >&2\n    exit 1\nfi\n# This output is used by Xcode 'outputs' to avoid re-running this script phase.\necho \"SUCCESS\" > \"${SCRIPT_OUTPUT_FILE_0}\"\n";
			showEnvVarsInLog = 0;
		};
		C666B389C0A6F494F68E7057 /* [CP] Copy Pods Resources */ = {
			isa = PBXShellScriptBuildPhase;
			buildActionMask = 2147483647;
			files = (
			);
			inputFileListPaths = (
				"${PODS_ROOT}/Target Support Files/Pods-TheDanceApp/Pods-TheDanceApp-resources-${CONFIGURATION}-input-files.xcfilelist",
			);
			name = "[CP] Copy Pods Resources";
			outputFileListPaths = (
				"${PODS_ROOT}/Target Support Files/Pods-TheDanceApp/Pods-TheDanceApp-resources-${CONFIGURATION}-output-files.xcfilelist",
			);
			runOnlyForDeploymentPostprocessing = 0;
			shellPath = /bin/sh;
			shellScript = "\"${PODS_ROOT}/Target Support Files/Pods-TheDanceApp/Pods-TheDanceApp-resources.sh\"\n";
			showEnvVarsInLog = 0;
		};
		E5C674E8BAF5028AF8C1D677 /* [CP] Embed Pods Frameworks */ = {
			isa = PBXShellScriptBuildPhase;
			buildActionMask = 2147483647;
			files = (
			);
			inputFileListPaths = (
				"${PODS_ROOT}/Target Support Files/Pods-TheDanceApp/Pods-TheDanceApp-frameworks-${CONFIGURATION}-input-files.xcfilelist",
			);
			name = "[CP] Embed Pods Frameworks";
			outputFileListPaths = (
				"${PODS_ROOT}/Target Support Files/Pods-TheDanceApp/Pods-TheDanceApp-frameworks-${CONFIGURATION}-output-files.xcfilelist",
			);
			runOnlyForDeploymentPostprocessing = 0;
			shellPath = /bin/sh;
			shellScript = "\"${PODS_ROOT}/Target Support Files/Pods-TheDanceApp/Pods-TheDanceApp-frameworks.sh\"\n";
			showEnvVarsInLog = 0;
		};
/* End PBXShellScriptBuildPhase section */

/* Begin PBXSourcesBuildPhase section */
		667EE0F322DC48F000B7E149 /* Sources */ = {
			isa = PBXSourcesBuildPhase;
			buildActionMask = 2147483647;
			files = (
				6676F22E22E1E22A00572446 /* notifiTblCellClass.swift in Sources */,
				66A9D33922E585F200DE869C /* CommonFunction.swift in Sources */,
				667EE12C22DC598900B7E149 /* LogInVC.swift in Sources */,
				667FAB6822DD885D00A02354 /* NotificationVcCell.swift in Sources */,
				667FAB6622DD883100A02354 /* NotificationVC.swift in Sources */,
				6698C22522DF417D00E4AB1B /* TblViewCellVC.swift in Sources */,
				667EE13222DC947000B7E149 /* HomeVC.swift in Sources */,
				667CA00722DDE9DA00CBD486 /* BadgeVCCell.swift in Sources */,
				667EE12E22DC88CF00B7E149 /* SignUpVC.swift in Sources */,
				66DC36A222E598D800C0BFDF /* GuidedTourVC.swift in Sources */,
				667CA01122DE034200CBD486 /* FeedbackVC.swift in Sources */,
				667CA00B22DDED4D00CBD486 /* EditprofileVC.swift in Sources */,
				667AA98222DCA35B00A84D89 /* MenuVCCell.swift in Sources */,
				667EE13422DC949100B7E149 /* HomeVCCell.swift in Sources */,
				667CA00D22DDFCB000CBD486 /* VideoSectionTblVC.swift in Sources */,
				667CA00922DDED2C00CBD486 /* ProfileVC.swift in Sources */,
				667AA98422DCA3B200A84D89 /* MenuVC.swift in Sources */,
				667EE0FB22DC48F000B7E149 /* AppDelegate.swift in Sources */,
				667CA00F22DDFCD900CBD486 /* VideoSectionTblVCCell.swift in Sources */,
				667EE13022DC89DC00B7E149 /* UIViewExtentions.swift in Sources */,
				667CA00522DDE9B900CBD486 /* BadgeVC.swift in Sources */,
				66BE3E3422E58E72009E542F /* Alerts.swift in Sources */,
				6698C22322DF3D9800E4AB1B /* BillieJean(main)VC.swift in Sources */,
			);
			runOnlyForDeploymentPostprocessing = 0;
		};
		667EE10722DC48F200B7E149 /* Sources */ = {
			isa = PBXSourcesBuildPhase;
			buildActionMask = 2147483647;
			files = (
				667EE11022DC48F200B7E149 /* TheDanceAppTests.swift in Sources */,
			);
			runOnlyForDeploymentPostprocessing = 0;
		};
		667EE11222DC48F200B7E149 /* Sources */ = {
			isa = PBXSourcesBuildPhase;
			buildActionMask = 2147483647;
			files = (
				667EE11B22DC48F200B7E149 /* TheDanceAppUITests.swift in Sources */,
			);
			runOnlyForDeploymentPostprocessing = 0;
		};
/* End PBXSourcesBuildPhase section */

/* Begin PBXTargetDependency section */
		667EE10D22DC48F200B7E149 /* PBXTargetDependency */ = {
			isa = PBXTargetDependency;
			target = 667EE0F622DC48F000B7E149 /* TheDanceApp */;
			targetProxy = 667EE10C22DC48F200B7E149 /* PBXContainerItemProxy */;
		};
		667EE11822DC48F200B7E149 /* PBXTargetDependency */ = {
			isa = PBXTargetDependency;
			target = 667EE0F622DC48F000B7E149 /* TheDanceApp */;
			targetProxy = 667EE11722DC48F200B7E149 /* PBXContainerItemProxy */;
		};
/* End PBXTargetDependency section */

/* Begin PBXVariantGroup section */
		667EE0FE22DC48F000B7E149 /* Main.storyboard */ = {
			isa = PBXVariantGroup;
			children = (
				667EE0FF22DC48F000B7E149 /* Base */,
			);
			name = Main.storyboard;
			sourceTree = "<group>";
		};
		667EE10322DC48F200B7E149 /* LaunchScreen.storyboard */ = {
			isa = PBXVariantGroup;
			children = (
				667EE10422DC48F200B7E149 /* Base */,
			);
			name = LaunchScreen.storyboard;
			sourceTree = "<group>";
		};
/* End PBXVariantGroup section */

/* Begin XCBuildConfiguration section */
		667EE11D22DC48F200B7E149 /* Debug */ = {
			isa = XCBuildConfiguration;
			buildSettings = {
				ALWAYS_SEARCH_USER_PATHS = NO;
				CLANG_ANALYZER_NONNULL = YES;
				CLANG_ANALYZER_NUMBER_OBJECT_CONVERSION = YES_AGGRESSIVE;
				CLANG_CXX_LANGUAGE_STANDARD = "gnu++14";
				CLANG_CXX_LIBRARY = "libc++";
				CLANG_ENABLE_MODULES = YES;
				CLANG_ENABLE_OBJC_ARC = YES;
				CLANG_ENABLE_OBJC_WEAK = YES;
				CLANG_WARN_BLOCK_CAPTURE_AUTORELEASING = YES;
				CLANG_WARN_BOOL_CONVERSION = YES;
				CLANG_WARN_COMMA = YES;
				CLANG_WARN_CONSTANT_CONVERSION = YES;
				CLANG_WARN_DEPRECATED_OBJC_IMPLEMENTATIONS = YES;
				CLANG_WARN_DIRECT_OBJC_ISA_USAGE = YES_ERROR;
				CLANG_WARN_DOCUMENTATION_COMMENTS = YES;
				CLANG_WARN_EMPTY_BODY = YES;
				CLANG_WARN_ENUM_CONVERSION = YES;
				CLANG_WARN_INFINITE_RECURSION = YES;
				CLANG_WARN_INT_CONVERSION = YES;
				CLANG_WARN_NON_LITERAL_NULL_CONVERSION = YES;
				CLANG_WARN_OBJC_IMPLICIT_RETAIN_SELF = YES;
				CLANG_WARN_OBJC_LITERAL_CONVERSION = YES;
				CLANG_WARN_OBJC_ROOT_CLASS = YES_ERROR;
				CLANG_WARN_RANGE_LOOP_ANALYSIS = YES;
				CLANG_WARN_STRICT_PROTOTYPES = YES;
				CLANG_WARN_SUSPICIOUS_MOVE = YES;
				CLANG_WARN_UNGUARDED_AVAILABILITY = YES_AGGRESSIVE;
				CLANG_WARN_UNREACHABLE_CODE = YES;
				CLANG_WARN__DUPLICATE_METHOD_MATCH = YES;
				CODE_SIGN_IDENTITY = "iPhone Developer";
				COPY_PHASE_STRIP = NO;
				DEBUG_INFORMATION_FORMAT = dwarf;
				ENABLE_STRICT_OBJC_MSGSEND = YES;
				ENABLE_TESTABILITY = YES;
				GCC_C_LANGUAGE_STANDARD = gnu11;
				GCC_DYNAMIC_NO_PIC = NO;
				GCC_NO_COMMON_BLOCKS = YES;
				GCC_OPTIMIZATION_LEVEL = 0;
				GCC_PREPROCESSOR_DEFINITIONS = (
					"DEBUG=1",
					"$(inherited)",
				);
				GCC_WARN_64_TO_32_BIT_CONVERSION = YES;
				GCC_WARN_ABOUT_RETURN_TYPE = YES_ERROR;
				GCC_WARN_UNDECLARED_SELECTOR = YES;
				GCC_WARN_UNINITIALIZED_AUTOS = YES_AGGRESSIVE;
				GCC_WARN_UNUSED_FUNCTION = YES;
				GCC_WARN_UNUSED_VARIABLE = YES;
				IPHONEOS_DEPLOYMENT_TARGET = 12.1;
				MTL_ENABLE_DEBUG_INFO = INCLUDE_SOURCE;
				MTL_FAST_MATH = YES;
				ONLY_ACTIVE_ARCH = YES;
				SDKROOT = iphoneos;
				SWIFT_ACTIVE_COMPILATION_CONDITIONS = DEBUG;
				SWIFT_OPTIMIZATION_LEVEL = "-Onone";
			};
			name = Debug;
		};
		667EE11E22DC48F200B7E149 /* Release */ = {
			isa = XCBuildConfiguration;
			buildSettings = {
				ALWAYS_SEARCH_USER_PATHS = NO;
				CLANG_ANALYZER_NONNULL = YES;
				CLANG_ANALYZER_NUMBER_OBJECT_CONVERSION = YES_AGGRESSIVE;
				CLANG_CXX_LANGUAGE_STANDARD = "gnu++14";
				CLANG_CXX_LIBRARY = "libc++";
				CLANG_ENABLE_MODULES = YES;
				CLANG_ENABLE_OBJC_ARC = YES;
				CLANG_ENABLE_OBJC_WEAK = YES;
				CLANG_WARN_BLOCK_CAPTURE_AUTORELEASING = YES;
				CLANG_WARN_BOOL_CONVERSION = YES;
				CLANG_WARN_COMMA = YES;
				CLANG_WARN_CONSTANT_CONVERSION = YES;
				CLANG_WARN_DEPRECATED_OBJC_IMPLEMENTATIONS = YES;
				CLANG_WARN_DIRECT_OBJC_ISA_USAGE = YES_ERROR;
				CLANG_WARN_DOCUMENTATION_COMMENTS = YES;
				CLANG_WARN_EMPTY_BODY = YES;
				CLANG_WARN_ENUM_CONVERSION = YES;
				CLANG_WARN_INFINITE_RECURSION = YES;
				CLANG_WARN_INT_CONVERSION = YES;
				CLANG_WARN_NON_LITERAL_NULL_CONVERSION = YES;
				CLANG_WARN_OBJC_IMPLICIT_RETAIN_SELF = YES;
				CLANG_WARN_OBJC_LITERAL_CONVERSION = YES;
				CLANG_WARN_OBJC_ROOT_CLASS = YES_ERROR;
				CLANG_WARN_RANGE_LOOP_ANALYSIS = YES;
				CLANG_WARN_STRICT_PROTOTYPES = YES;
				CLANG_WARN_SUSPICIOUS_MOVE = YES;
				CLANG_WARN_UNGUARDED_AVAILABILITY = YES_AGGRESSIVE;
				CLANG_WARN_UNREACHABLE_CODE = YES;
				CLANG_WARN__DUPLICATE_METHOD_MATCH = YES;
				CODE_SIGN_IDENTITY = "iPhone Developer";
				COPY_PHASE_STRIP = NO;
				DEBUG_INFORMATION_FORMAT = "dwarf-with-dsym";
				ENABLE_NS_ASSERTIONS = NO;
				ENABLE_STRICT_OBJC_MSGSEND = YES;
				GCC_C_LANGUAGE_STANDARD = gnu11;
				GCC_NO_COMMON_BLOCKS = YES;
				GCC_WARN_64_TO_32_BIT_CONVERSION = YES;
				GCC_WARN_ABOUT_RETURN_TYPE = YES_ERROR;
				GCC_WARN_UNDECLARED_SELECTOR = YES;
				GCC_WARN_UNINITIALIZED_AUTOS = YES_AGGRESSIVE;
				GCC_WARN_UNUSED_FUNCTION = YES;
				GCC_WARN_UNUSED_VARIABLE = YES;
				IPHONEOS_DEPLOYMENT_TARGET = 12.1;
				MTL_ENABLE_DEBUG_INFO = NO;
				MTL_FAST_MATH = YES;
				SDKROOT = iphoneos;
				SWIFT_COMPILATION_MODE = wholemodule;
				SWIFT_OPTIMIZATION_LEVEL = "-O";
				VALIDATE_PRODUCT = YES;
			};
			name = Release;
		};
		667EE12022DC48F200B7E149 /* Debug */ = {
			isa = XCBuildConfiguration;
			baseConfigurationReference = 608610595DAAB2A966AF61E6 /* Pods-TheDanceApp.debug.xcconfig */;
			buildSettings = {
				ASSETCATALOG_COMPILER_APPICON_NAME = AppIcon;
				CODE_SIGN_STYLE = Automatic;
				INFOPLIST_FILE = TheDanceApp/Info.plist;
				LD_RUNPATH_SEARCH_PATHS = (
					"$(inherited)",
					"@executable_path/Frameworks",
				);
				PRODUCT_BUNDLE_IDENTIFIER = TecJaunt.TheDanceApp;
				PRODUCT_NAME = "$(TARGET_NAME)";
				SWIFT_VERSION = 4.2;
				TARGETED_DEVICE_FAMILY = "1,2";
			};
			name = Debug;
		};
		667EE12122DC48F200B7E149 /* Release */ = {
			isa = XCBuildConfiguration;
			baseConfigurationReference = D5A6AA6ADE3E6E9E35DA2588 /* Pods-TheDanceApp.release.xcconfig */;
			buildSettings = {
				ASSETCATALOG_COMPILER_APPICON_NAME = AppIcon;
				CODE_SIGN_STYLE = Automatic;
				INFOPLIST_FILE = TheDanceApp/Info.plist;
				LD_RUNPATH_SEARCH_PATHS = (
					"$(inherited)",
					"@executable_path/Frameworks",
				);
				PRODUCT_BUNDLE_IDENTIFIER = TecJaunt.TheDanceApp;
				PRODUCT_NAME = "$(TARGET_NAME)";
				SWIFT_VERSION = 4.2;
				TARGETED_DEVICE_FAMILY = "1,2";
			};
			name = Release;
		};
		667EE12322DC48F200B7E149 /* Debug */ = {
			isa = XCBuildConfiguration;
			baseConfigurationReference = B0BBCC594D94924AFC53C574 /* Pods-TheDanceAppTests.debug.xcconfig */;
			buildSettings = {
				ALWAYS_EMBED_SWIFT_STANDARD_LIBRARIES = YES;
				BUNDLE_LOADER = "$(TEST_HOST)";
				CODE_SIGN_STYLE = Automatic;
				INFOPLIST_FILE = TheDanceAppTests/Info.plist;
				LD_RUNPATH_SEARCH_PATHS = (
					"$(inherited)",
					"@executable_path/Frameworks",
					"@loader_path/Frameworks",
				);
				PRODUCT_BUNDLE_IDENTIFIER = TecJaunt.TheDanceAppTests;
				PRODUCT_NAME = "$(TARGET_NAME)";
				SWIFT_VERSION = 4.2;
				TARGETED_DEVICE_FAMILY = "1,2";
				TEST_HOST = "$(BUILT_PRODUCTS_DIR)/TheDanceApp.app/TheDanceApp";
			};
			name = Debug;
		};
		667EE12422DC48F200B7E149 /* Release */ = {
			isa = XCBuildConfiguration;
			baseConfigurationReference = EB97A53A7674192319155B11 /* Pods-TheDanceAppTests.release.xcconfig */;
			buildSettings = {
				ALWAYS_EMBED_SWIFT_STANDARD_LIBRARIES = YES;
				BUNDLE_LOADER = "$(TEST_HOST)";
				CODE_SIGN_STYLE = Automatic;
				INFOPLIST_FILE = TheDanceAppTests/Info.plist;
				LD_RUNPATH_SEARCH_PATHS = (
					"$(inherited)",
					"@executable_path/Frameworks",
					"@loader_path/Frameworks",
				);
				PRODUCT_BUNDLE_IDENTIFIER = TecJaunt.TheDanceAppTests;
				PRODUCT_NAME = "$(TARGET_NAME)";
				SWIFT_VERSION = 4.2;
				TARGETED_DEVICE_FAMILY = "1,2";
				TEST_HOST = "$(BUILT_PRODUCTS_DIR)/TheDanceApp.app/TheDanceApp";
			};
			name = Release;
		};
		667EE12622DC48F200B7E149 /* Debug */ = {
			isa = XCBuildConfiguration;
			baseConfigurationReference = 963EF2A8C0FA050AAA8597C6 /* Pods-TheDanceAppUITests.debug.xcconfig */;
			buildSettings = {
				ALWAYS_EMBED_SWIFT_STANDARD_LIBRARIES = YES;
				CODE_SIGN_STYLE = Automatic;
				INFOPLIST_FILE = TheDanceAppUITests/Info.plist;
				LD_RUNPATH_SEARCH_PATHS = (
					"$(inherited)",
					"@executable_path/Frameworks",
					"@loader_path/Frameworks",
				);
				PRODUCT_BUNDLE_IDENTIFIER = TecJaunt.TheDanceAppUITests;
				PRODUCT_NAME = "$(TARGET_NAME)";
				SWIFT_VERSION = 4.2;
				TARGETED_DEVICE_FAMILY = "1,2";
				TEST_TARGET_NAME = TheDanceApp;
			};
			name = Debug;
		};
		667EE12722DC48F200B7E149 /* Release */ = {
			isa = XCBuildConfiguration;
			baseConfigurationReference = 09EBB90B0A909AFADFB0C6DE /* Pods-TheDanceAppUITests.release.xcconfig */;
			buildSettings = {
				ALWAYS_EMBED_SWIFT_STANDARD_LIBRARIES = YES;
				CODE_SIGN_STYLE = Automatic;
				INFOPLIST_FILE = TheDanceAppUITests/Info.plist;
				LD_RUNPATH_SEARCH_PATHS = (
					"$(inherited)",
					"@executable_path/Frameworks",
					"@loader_path/Frameworks",
				);
				PRODUCT_BUNDLE_IDENTIFIER = TecJaunt.TheDanceAppUITests;
				PRODUCT_NAME = "$(TARGET_NAME)";
				SWIFT_VERSION = 4.2;
				TARGETED_DEVICE_FAMILY = "1,2";
				TEST_TARGET_NAME = TheDanceApp;
			};
			name = Release;
		};
/* End XCBuildConfiguration section */

/* Begin XCConfigurationList section */
		667EE0F222DC48F000B7E149 /* Build configuration list for PBXProject "TheDanceApp" */ = {
			isa = XCConfigurationList;
			buildConfigurations = (
				667EE11D22DC48F200B7E149 /* Debug */,
				667EE11E22DC48F200B7E149 /* Release */,
			);
			defaultConfigurationIsVisible = 0;
			defaultConfigurationName = Release;
		};
		667EE11F22DC48F200B7E149 /* Build configuration list for PBXNativeTarget "TheDanceApp" */ = {
			isa = XCConfigurationList;
			buildConfigurations = (
				667EE12022DC48F200B7E149 /* Debug */,
				667EE12122DC48F200B7E149 /* Release */,
			);
			defaultConfigurationIsVisible = 0;
			defaultConfigurationName = Release;
		};
		667EE12222DC48F200B7E149 /* Build configuration list for PBXNativeTarget "TheDanceAppTests" */ = {
			isa = XCConfigurationList;
			buildConfigurations = (
				667EE12322DC48F200B7E149 /* Debug */,
				667EE12422DC48F200B7E149 /* Release */,
			);
			defaultConfigurationIsVisible = 0;
			defaultConfigurationName = Release;
		};
		667EE12522DC48F200B7E149 /* Build configuration list for PBXNativeTarget "TheDanceAppUITests" */ = {
			isa = XCConfigurationList;
			buildConfigurations = (
				667EE12622DC48F200B7E149 /* Debug */,
				667EE12722DC48F200B7E149 /* Release */,
			);
			defaultConfigurationIsVisible = 0;
			defaultConfigurationName = Release;
		};
/* End XCConfigurationList section */
	};
	rootObject = 667EE0EF22DC48F000B7E149 /* Project object */;
}
